
Microsoft Visual Studio Solution File, Format Version 12.00
# Visual Studio 14
VisualStudioVersion = 14.0.25420.1
MinimumVisualStudioVersion = 10.0.40219.1
Project("{2150E333-8FDC-42A3-9474-1A3956D46DE8}") = "LWM_API_PROVIDER", "LWM_API_PROVIDER", "{DF3C26E6-DFB2-433B-9B61-7E6923D5B8AF}"
EndProject
Project("{FAE04EC0-301F-11D3-BF4B-00C04F79EFBC}") = "API_PROVIDER", "API_PROVIDER\API_PROVIDER.csproj", "{1456141C-AB95-4117-AE90-77E6A6C932B0}"
	ProjectSection(ProjectDependencies) = postProject
		{E44251EA-AC5B-4BFD-B102-0DFE07C51214} = {E44251EA-AC5B-4BFD-B102-0DFE07C51214}
	EndProjectSection
EndProject
Project("{2150E333-8FDC-42A3-9474-1A3956D46DE8}") = "LWM_Applications", "LWM_Applications", "{4E75D71B-4ED1-4CF7-B949-2A5F14BCF576}"
EndProject
Project("{FAE04EC0-301F-11D3-BF4B-00C04F79EFBC}") = "LWM_WebApp", "LWM_WebApp\LWM_WebApp.csproj", "{872258E6-44F1-45C0-B372-3A76470D0014}"
EndProject
Project("{2150E333-8FDC-42A3-9474-1A3956D46DE8}") = "API_PROVIDER", "API_PROVIDER", "{A16F7342-9B07-4E9F-A2E6-C16E04E70590}"
EndProject
Project("{2150E333-8FDC-42A3-9474-1A3956D46DE8}") = "DAL", "DAL", "{AD18D0DD-65FE-4951-9C8F-B86BADFA1380}"
EndProject
Project("{FAE04EC0-301F-11D3-BF4B-00C04F79EFBC}") = "DBAccess", "DBAccess\DBAccess.csproj", "{E44251EA-AC5B-4BFD-B102-0DFE07C51214}"
EndProject
Global
	GlobalSection(SolutionConfigurationPlatforms) = preSolution
		Debug|Any CPU = Debug|Any CPU
		Release|Any CPU = Release|Any CPU
	EndGlobalSection
	GlobalSection(ProjectConfigurationPlatforms) = postSolution
		{1456141C-AB95-4117-AE90-77E6A6C932B0}.Debug|Any CPU.ActiveCfg = Debug|Any CPU
		{1456141C-AB95-4117-AE90-77E6A6C932B0}.Debug|Any CPU.Build.0 = Debug|Any CPU
		{1456141C-AB95-4117-AE90-77E6A6C932B0}.Release|Any CPU.ActiveCfg = Release|Any CPU
		{1456141C-AB95-4117-AE90-77E6A6C932B0}.Release|Any CPU.Build.0 = Release|Any CPU
		{872258E6-44F1-45C0-B372-3A76470D0014}.Debug|Any CPU.ActiveCfg = Debug|Any CPU
		{872258E6-44F1-45C0-B372-3A76470D0014}.Debug|Any CPU.Build.0 = Debug|Any CPU
		{872258E6-44F1-45C0-B372-3A76470D0014}.Release|Any CPU.ActiveCfg = Release|Any CPU
		{872258E6-44F1-45C0-B372-3A76470D0014}.Release|Any CPU.Build.0 = Release|Any CPU
		{E44251EA-AC5B-4BFD-B102-0DFE07C51214}.Debug|Any CPU.ActiveCfg = Debug|Any CPU
		{E44251EA-AC5B-4BFD-B102-0DFE07C51214}.Debug|Any CPU.Build.0 = Debug|Any CPU
		{E44251EA-AC5B-4BFD-B102-0DFE07C51214}.Release|Any CPU.ActiveCfg = Release|Any CPU
		{E44251EA-AC5B-4BFD-B102-0DFE07C51214}.Release|Any CPU.Build.0 = Release|Any CPU
	EndGlobalSection
	GlobalSection(SolutionProperties) = preSolution
		HideSolutionNode = FALSE
	EndGlobalSection
	GlobalSection(NestedProjects) = preSolution
		{1456141C-AB95-4117-AE90-77E6A6C932B0} = {A16F7342-9B07-4E9F-A2E6-C16E04E70590}
		{872258E6-44F1-45C0-B372-3A76470D0014} = {4E75D71B-4ED1-4CF7-B949-2A5F14BCF576}
		{A16F7342-9B07-4E9F-A2E6-C16E04E70590} = {DF3C26E6-DFB2-433B-9B61-7E6923D5B8AF}
		{AD18D0DD-65FE-4951-9C8F-B86BADFA1380} = {DF3C26E6-DFB2-433B-9B61-7E6923D5B8AF}
		{E44251EA-AC5B-4BFD-B102-0DFE07C51214} = {AD18D0DD-65FE-4951-9C8F-B86BADFA1380}
	EndGlobalSection
EndGlobal
